{
  "object": {
    "pins": [
      {
        "package": "PhotoSnap",
        "repositoryURL": "/Users/korich/Projects/PhotoSnap",
        "state": {
          "branch": "swift",
          "revision": "f1f697e98c7054015b3f81b152d55c3e0f7c3efe",
          "version": null
        }
      }
    ]
  },
  "version": 1
}
