{
  "object": {
    "pins": [
      {
        "package": "PhotoSnap",
        "repositoryURL": "/Users/korich/Projects/PhotoSnap",
        "state": {
          "branch": "master",
          "revision": "8ad96ef777d2f9517d78d1e1cedc940cc9fe4686",
          "version": null
        }
      }
    ]
  },
  "version": 1
}
